{
    "_readme": [
        "This file locks the dependencies of your project to a known state",
        "Read more about it at https://getcomposer.org/doc/01-basic-usage.md#installing-dependencies",
        "This file is @generated automatically"
    ],
    "content-hash": "0033993c59b2d94fdee21a64365a45d0",
    "packages": [
        {
            "name": "composer/metadata-minifier",
            "version": "1.0.0",
            "source": {
                "type": "git",
                "url": "https://github.com/composer/metadata-minifier.git",
                "reference": "c549d23829536f0d0e984aaabbf02af91f443207"
            },
            "dist": {
                "type": "zip",
                "url": "https://api.github.com/repos/composer/metadata-minifier/zipball/c549d23829536f0d0e984aaabbf02af91f443207",
                "reference": "c549d23829536f0d0e984aaabbf02af91f443207",
                "shasum": ""
            },
            "require": {
                "php": "^5.3.2 || ^7.0 || ^8.0"
            },
            "require-dev": {
                "composer/composer": "^2",
                "phpstan/phpstan": "^0.12.55",
                "symfony/phpunit-bridge": "^4.2 || ^5"
            },
            "type": "library",
            "extra": {
                "branch-alias": {
                    "dev-main": "1.x-dev"
                }
            },
            "autoload": {
                "psr-4": {
                    "Composer\\MetadataMinifier\\": "src"
                }
            },
            "notification-url": "https://packagist.org/downloads/",
            "license": [
                "MIT"
            ],
            "authors": [
                {
                    "name": "Jordi Boggiano",
                    "email": "j.boggiano@seld.be",
                    "homepage": "http://seld.be"
                }
            ],
            "description": "Small utility library that handles metadata minification and expansion.",
            "keywords": [
                "composer",
                "compression"
            ],
            "support": {
                "issues": "https://github.com/composer/metadata-minifier/issues",
                "source": "https://github.com/composer/metadata-minifier/tree/1.0.0"
            },
            "funding": [
                {
                    "url": "https://packagist.com",
                    "type": "custom"
                },
                {
                    "url": "https://github.com/composer",
                    "type": "github"
                },
                {
                    "url": "https://tidelift.com/funding/github/packagist/composer/composer",
                    "type": "tidelift"
                }
            ],
            "time": "2021-04-07T13:37:33+00:00"
        }
    ],
    "packages-dev": [],
    "aliases": [],
    "minimum-stability": "stable",
    "stability-flags": {},
    "prefer-stable": false,
    "prefer-lowest": false,
    "platform": {},
    "platform-dev": {},
    "plugin-api-version": "2.6.0"
}
